
Microsoft Visual Studio Solution File, Format Version 12.00
# Visual Studio Version 16
VisualStudioVersion = 16.0.30114.105
MinimumVisualStudioVersion = 10.0.40219.1
Project("{FAE04EC0-301F-11D3-BF4B-00C04F79EFBC}") = "Lab8", "Lab8\Lab8.csproj", "{F557377E-1FEC-463D-B58B-82011DD9F960}"
EndProject
Global
	GlobalSection(SolutionConfigurationPlatforms) = preSolution
		Debug|Any CPU = Debug|Any CPU
		Release|Any CPU = Release|Any CPU
	EndGlobalSection
	GlobalSection(ProjectConfigurationPlatforms) = postSolution
		{F557377E-1FEC-463D-B58B-82011DD9F960}.Debug|Any CPU.ActiveCfg = Debug|Any CPU
		{F557377E-1FEC-463D-B58B-82011DD9F960}.Debug|Any CPU.Build.0 = Debug|Any CPU
		{F557377E-1FEC-463D-B58B-82011DD9F960}.Release|Any CPU.ActiveCfg = Release|Any CPU
		{F557377E-1FEC-463D-B58B-82011DD9F960}.Release|Any CPU.Build.0 = Release|Any CPU
	EndGlobalSection
	GlobalSection(SolutionProperties) = preSolution
		HideSolutionNode = FALSE
	EndGlobalSection
	GlobalSection(ExtensibilityGlobals) = postSolution
		SolutionGuid = {B2771FE3-0519-404A-9336-5B6D61E310C3}
	EndGlobalSection
EndGlobal
